{
  "requires": true,
  "lockfileVersion": 1,
  "dependencies": {
    "@pypi/beautifulsoup4": {
      "version": "4.6.1",
      "resolved": "https://registry.npmjs.org/@pypi/beautifulsoup4/-/beautifulsoup4-4.6.1.tgz",
      "integrity": "sha512-KHzOxBqPsL+XZ3LeLn4qLK+jh78x99eacPSqDXgDmvBRBoyykr2g2xOFcgI4X0Waj1PWvyAUk5JaHBm1pHpK3A=="
    }
  }
}
